# This file is automatically @generated by Cargo.
# It is not intended for manual editing.
version = 3

[[package]]
name = "honors"
version = "0.1.0"
dependencies = [
 "plotpy",
]

[[package]]
name = "plotpy"
version = "0.5.1"
source = "registry+https://github.com/rust-lang/crates.io-index"
checksum = "75a04eeeeb25784434138d5d7294b97a6f667cbe410a1426a13fe00ae5ca3868"
